
Microsoft Visual Studio Solution File, Format Version 12.00
# Visual Studio 14
VisualStudioVersion = 14.0.25420.1
MinimumVisualStudioVersion = 10.0.40219.1
Project("{FAE04EC0-301F-11D3-BF4B-00C04F79EFBC}") = "MladostAir.Models", "TicketSystem.Models\MladostAir.Models.csproj", "{ADB39492-3D46-4AAE-B9A7-F3520ABAE5A3}"
EndProject
Project("{FAE04EC0-301F-11D3-BF4B-00C04F79EFBC}") = "MladostAir.Data", "MladostAir.Data\MladostAir.Data.csproj", "{85A47643-4C5C-4110-9BB8-08E2A5CAF469}"
EndProject
Project("{FAE04EC0-301F-11D3-BF4B-00C04F79EFBC}") = "MladostAir.Client", "MladostAir.Client\MladostAir.Client.csproj", "{38322F46-0E2F-4A60-897E-BDA13918B76F}"
EndProject
Project("{FAE04EC0-301F-11D3-BF4B-00C04F79EFBC}") = "ExternalFiles.Readers", "ExternalFiles.Readers\ExternalFiles.Readers.csproj", "{E88BE8F6-77C8-469A-A7B8-E94CBE121D76}"
EndProject
Project("{FAE04EC0-301F-11D3-BF4B-00C04F79EFBC}") = "MladostAir.UI", "MladostAir.UI\MladostAir.UI.csproj", "{B2D6164C-6756-4D34-98B5-806DAFEA14BB}"
EndProject
Project("{FAE04EC0-301F-11D3-BF4B-00C04F79EFBC}") = "MladostAir.SQLite", "MladostAir.SqlLite\MladostAir.SQLite.csproj", "{48896447-7664-4027-9949-1A4E33C0B38B}"
EndProject
Global
	GlobalSection(SolutionConfigurationPlatforms) = preSolution
		Debug|Any CPU = Debug|Any CPU
		Release|Any CPU = Release|Any CPU
	EndGlobalSection
	GlobalSection(ProjectConfigurationPlatforms) = postSolution
		{ADB39492-3D46-4AAE-B9A7-F3520ABAE5A3}.Debug|Any CPU.ActiveCfg = Debug|Any CPU
		{ADB39492-3D46-4AAE-B9A7-F3520ABAE5A3}.Debug|Any CPU.Build.0 = Debug|Any CPU
		{ADB39492-3D46-4AAE-B9A7-F3520ABAE5A3}.Release|Any CPU.ActiveCfg = Release|Any CPU
		{ADB39492-3D46-4AAE-B9A7-F3520ABAE5A3}.Release|Any CPU.Build.0 = Release|Any CPU
		{85A47643-4C5C-4110-9BB8-08E2A5CAF469}.Debug|Any CPU.ActiveCfg = Debug|Any CPU
		{85A47643-4C5C-4110-9BB8-08E2A5CAF469}.Debug|Any CPU.Build.0 = Debug|Any CPU
		{85A47643-4C5C-4110-9BB8-08E2A5CAF469}.Release|Any CPU.ActiveCfg = Release|Any CPU
		{85A47643-4C5C-4110-9BB8-08E2A5CAF469}.Release|Any CPU.Build.0 = Release|Any CPU
		{38322F46-0E2F-4A60-897E-BDA13918B76F}.Debug|Any CPU.ActiveCfg = Debug|Any CPU
		{38322F46-0E2F-4A60-897E-BDA13918B76F}.Debug|Any CPU.Build.0 = Debug|Any CPU
		{38322F46-0E2F-4A60-897E-BDA13918B76F}.Release|Any CPU.ActiveCfg = Release|Any CPU
		{38322F46-0E2F-4A60-897E-BDA13918B76F}.Release|Any CPU.Build.0 = Release|Any CPU
		{E88BE8F6-77C8-469A-A7B8-E94CBE121D76}.Debug|Any CPU.ActiveCfg = Debug|Any CPU
		{E88BE8F6-77C8-469A-A7B8-E94CBE121D76}.Debug|Any CPU.Build.0 = Debug|Any CPU
		{E88BE8F6-77C8-469A-A7B8-E94CBE121D76}.Release|Any CPU.ActiveCfg = Release|Any CPU
		{E88BE8F6-77C8-469A-A7B8-E94CBE121D76}.Release|Any CPU.Build.0 = Release|Any CPU
		{B2D6164C-6756-4D34-98B5-806DAFEA14BB}.Debug|Any CPU.ActiveCfg = Debug|Any CPU
		{B2D6164C-6756-4D34-98B5-806DAFEA14BB}.Debug|Any CPU.Build.0 = Debug|Any CPU
		{B2D6164C-6756-4D34-98B5-806DAFEA14BB}.Release|Any CPU.ActiveCfg = Release|Any CPU
		{B2D6164C-6756-4D34-98B5-806DAFEA14BB}.Release|Any CPU.Build.0 = Release|Any CPU
		{48896447-7664-4027-9949-1A4E33C0B38B}.Debug|Any CPU.ActiveCfg = Debug|Any CPU
		{48896447-7664-4027-9949-1A4E33C0B38B}.Debug|Any CPU.Build.0 = Debug|Any CPU
		{48896447-7664-4027-9949-1A4E33C0B38B}.Release|Any CPU.ActiveCfg = Release|Any CPU
		{48896447-7664-4027-9949-1A4E33C0B38B}.Release|Any CPU.Build.0 = Release|Any CPU
	EndGlobalSection
	GlobalSection(SolutionProperties) = preSolution
		HideSolutionNode = FALSE
	EndGlobalSection
EndGlobal
